
Microsoft Visual Studio Solution File, Format Version 12.00
# Visual Studio Version 16
VisualStudioVersion = 16.0.31112.23
MinimumVisualStudioVersion = 10.0.40219.1
Project("{FAE04EC0-301F-11D3-BF4B-00C04F79EFBC}") = "PostoPOO_WF", "PostoPOO_WF\PostoPOO_WF.csproj", "{BC32A808-F234-40CA-9BFC-4BBCFA4EB5A0}"
EndProject
Global
	GlobalSection(SolutionConfigurationPlatforms) = preSolution
		Debug|Any CPU = Debug|Any CPU
		Release|Any CPU = Release|Any CPU
	EndGlobalSection
	GlobalSection(ProjectConfigurationPlatforms) = postSolution
		{BC32A808-F234-40CA-9BFC-4BBCFA4EB5A0}.Debug|Any CPU.ActiveCfg = Debug|Any CPU
		{BC32A808-F234-40CA-9BFC-4BBCFA4EB5A0}.Debug|Any CPU.Build.0 = Debug|Any CPU
		{BC32A808-F234-40CA-9BFC-4BBCFA4EB5A0}.Release|Any CPU.ActiveCfg = Release|Any CPU
		{BC32A808-F234-40CA-9BFC-4BBCFA4EB5A0}.Release|Any CPU.Build.0 = Release|Any CPU
	EndGlobalSection
	GlobalSection(SolutionProperties) = preSolution
		HideSolutionNode = FALSE
	EndGlobalSection
	GlobalSection(ExtensibilityGlobals) = postSolution
		SolutionGuid = {E6223A2F-510A-438F-B4D6-C6F96D22DF88}
	EndGlobalSection
EndGlobal
